// !$*UTF8*$!
{
	archiveVersion = 1;
	classes = {
	};
	objectVersion = 56;
	objects = {

/* Begin PBXBuildFile section */
		FF000001000000000000001 /* GRDB in Frameworks (app) */ = {isa = PBXBuildFile; productRef = FF000003000000000000001 /* GRDB */; };
		FF000002000000000000001 /* GRDB in Frameworks (tests) */ = {isa = PBXBuildFile; productRef = FF000004000000000000001 /* GRDB */; };
		FF000005000000000000001 /* SQLiteStorage.swift in Sources */ = {isa = PBXBuildFile; fileRef = FF000006000000000000001 /* SQLiteStorage.swift */; };
		FF000007000000000000001 /* SQLiteStorageTests.swift in Sources */ = {isa = PBXBuildFile; fileRef = FF000008000000000000001 /* SQLiteStorageTests.swift */; };
		9D1052C62F46DA0000B7B24D /* SettingsSheet.swift in Sources */ = {isa = PBXBuildFile; fileRef = 9D1052BC2F46DA0000B7B24D /* SettingsSheet.swift */; };
		A1000000000000000000153 /* ADOSettingsSection.swift in Sources */ = {isa = PBXBuildFile; fileRef = A1000000000000000000152 /* ADOSettingsSection.swift */; };
		9D1052C72F46DA0000B7B24D /* SubtaskRow.swift in Sources */ = {isa = PBXBuildFile; fileRef = 9D1052BD2F46DA0000B7B24D /* SubtaskRow.swift */; };
		9D1052C82F46DA0000B7B24D /* PauseTaskConfirmationView.swift in Sources */ = {isa = PBXBuildFile; fileRef = 9D1052BA2F46DA0000B7B24D /* PauseTaskConfirmationView.swift */; };
		9D1052C92F46DA0000B7B24D /* TooltipWindowManager.swift in Sources */ = {isa = PBXBuildFile; fileRef = 9D1052C32F46DA0000B7B24D /* TooltipWindowManager.swift */; };
		9D1052CA2F46DA0000B7B24D /* TimeFormatter.swift in Sources */ = {isa = PBXBuildFile; fileRef = 9D1052B22F46DA0000B7B24D /* TimeFormatter.swift */; };
		9D1052CB2F46DA0000B7B24D /* ExportWindowManager.swift in Sources */ = {isa = PBXBuildFile; fileRef = 9D1052C02F46DA0000B7B24D /* ExportWindowManager.swift */; };
		9D1052CC2F46DA0000B7B24D /* FloatingTooltip.swift in Sources */ = {isa = PBXBuildFile; fileRef = 9D1052B52F46DA0000B7B24D /* FloatingTooltip.swift */; };
		9D1052CD2F46DA0000B7B24D /* FloatingWindowDelegate.swift in Sources */ = {isa = PBXBuildFile; fileRef = 9D1052C12F46DA0000B7B24D /* FloatingWindowDelegate.swift */; };
		NW000001000000000000001 /* NotesWindowFrameStore.swift in Sources */ = {isa = PBXBuildFile; fileRef = NW000001000000000000000 /* NotesWindowFrameStore.swift */; };
		NW000002000000000000001 /* NotesWindowFrameStoreTests.swift in Sources */ = {isa = PBXBuildFile; fileRef = NW000002000000000000000 /* NotesWindowFrameStoreTests.swift */; };
		WO000001000000000000001 /* WindowOpacityStore.swift in Sources */ = {isa = PBXBuildFile; fileRef = WO000001000000000000000 /* WindowOpacityStore.swift */; };
		WO000002000000000000001 /* WindowOpacityStoreTests.swift in Sources */ = {isa = PBXBuildFile; fileRef = WO000002000000000000000 /* WindowOpacityStoreTests.swift */; };
		WO000003000000000000001 /* WindowOpacityApplier.swift in Sources */ = {isa = PBXBuildFile; fileRef = WO000003000000000000000 /* WindowOpacityApplier.swift */; };
		WO000004000000000000001 /* WindowOpacityApplierTests.swift in Sources */ = {isa = PBXBuildFile; fileRef = WO000004000000000000000 /* WindowOpacityApplierTests.swift */; };
		ST000001000000000000001 /* SubtitleText.swift in Sources */ = {isa = PBXBuildFile; fileRef = ST000001000000000000000 /* SubtitleText.swift */; };
		ST000002000000000000001 /* SubtitleTextStrokeTests.swift in Sources */ = {isa = PBXBuildFile; fileRef = ST000002000000000000000 /* SubtitleTextStrokeTests.swift */; };
		AU000001000000000000001 /* ADOURLBuilder.swift in Sources */ = {isa = PBXBuildFile; fileRef = AU000001000000000000000 /* ADOURLBuilder.swift */; };
		AU000002000000000000001 /* ADOURLBuilderTests.swift in Sources */ = {isa = PBXBuildFile; fileRef = AU000002000000000000000 /* ADOURLBuilderTests.swift */; };
		AL000001000000000000001 /* ADOLinkRow.swift in Sources */ = {isa = PBXBuildFile; fileRef = AL000001000000000000000 /* ADOLinkRow.swift */; };
		9D1052CE2F46DA0000B7B24D /* ExportAllTasksView.swift in Sources */ = {isa = PBXBuildFile; fileRef = 9D1052B72F46DA0000B7B24D /* ExportAllTasksView.swift */; };
		9D1052CF2F46DA0000B7B24D /* FloatingWindowManager.swift in Sources */ = {isa = PBXBuildFile; fileRef = 9D1052C22F46DA0000B7B24D /* FloatingWindowManager.swift */; };
		9D1052D02F46DA0000B7B24D /* ReminderAlertView.swift in Sources */ = {isa = PBXBuildFile; fileRef = 9D1052BB2F46DA0000B7B24D /* ReminderAlertView.swift */; };
		9D1052D12F46DA0000B7B24D /* NotesEditorView.swift in Sources */ = {isa = PBXBuildFile; fileRef = 9D1052B92F46DA0000B7B24D /* NotesEditorView.swift */; };
		9D1052D22F46DA0000B7B24D /* TimerPickerSheet.swift in Sources */ = {isa = PBXBuildFile; fileRef = 9D1052BE2F46DA0000B7B24D /* TimerPickerSheet.swift */; };
		9D1052D32F46DA0000B7B24D /* TodoItem.swift in Sources */ = {isa = PBXBuildFile; fileRef = 9D1052AE2F46DA0000B7B24D /* TodoItem.swift */; };
		9D1052D42F46DA0000B7B24D /* TodoStorage.swift in Sources */ = {isa = PBXBuildFile; fileRef = 9D1052B32F46DA0000B7B24D /* TodoStorage.swift */; };
		A1000000000000000000141 /* Keychain.swift in Sources */ = {isa = PBXBuildFile; fileRef = A1000000000000000000140 /* Keychain.swift */; };
		A1000000000000000000143 /* ADOService.swift in Sources */ = {isa = PBXBuildFile; fileRef = A1000000000000000000142 /* ADOService.swift */; };
		A1000000000000000000145 /* ADOSettingsStore.swift in Sources */ = {isa = PBXBuildFile; fileRef = A1000000000000000000144 /* ADOSettingsStore.swift */; };
		A1000000000000000000147 /* KeychainTests.swift in Sources */ = {isa = PBXBuildFile; fileRef = A1000000000000000000146 /* KeychainTests.swift */; };
		A1000000000000000000149 /* ADOServiceTests.swift in Sources */ = {isa = PBXBuildFile; fileRef = A1000000000000000000148 /* ADOServiceTests.swift */; };
		A1000000000000000000151 /* ADOSettingsStoreTests.swift in Sources */ = {isa = PBXBuildFile; fileRef = A1000000000000000000150 /* ADOSettingsStoreTests.swift */; };
		9D1052D52F46DA0000B7B24D /* NewTaskPopupView.swift in Sources */ = {isa = PBXBuildFile; fileRef = 9D1052B82F46DA0000B7B24D /* NewTaskPopupView.swift */; };
		9D1052D62F46DA0000B7B24D /* Enums.swift in Sources */ = {isa = PBXBuildFile; fileRef = 9D1052AD2F46DA0000B7B24D /* Enums.swift */; };
		9D1052D92F46DB1800B7B24D /* TodoViewModel.swift in Sources */ = {isa = PBXBuildFile; fileRef = 9D1052D72F46DB1800B7B24D /* TodoViewModel.swift */; };
		A1000000000000000000125 /* TestHelpers.swift in Sources */ = {isa = PBXBuildFile; fileRef = A1000000000000000000124 /* TestHelpers.swift */; };
		A1000000000000000000127 /* TodoViewModelTests.swift in Sources */ = {isa = PBXBuildFile; fileRef = A1000000000000000000126 /* TodoViewModelTests.swift */; };
		A1000000000000000000129 /* FilterSortTests.swift in Sources */ = {isa = PBXBuildFile; fileRef = A1000000000000000000128 /* FilterSortTests.swift */; };
		A100000000000000000012B /* TaskSessionTests.swift in Sources */ = {isa = PBXBuildFile; fileRef = A100000000000000000012A /* TaskSessionTests.swift */; };
		A100000000000000000012D /* NotificationSchedulerTests.swift in Sources */ = {isa = PBXBuildFile; fileRef = A100000000000000000012C /* NotificationSchedulerTests.swift */; };
		A100000000000000000012F /* ModelEnumTests.swift in Sources */ = {isa = PBXBuildFile; fileRef = A100000000000000000012E /* ModelEnumTests.swift */; };
		A1000000000000000000131 /* FloatingWindowOperationsTests.swift in Sources */ = {isa = PBXBuildFile; fileRef = A1000000000000000000130 /* FloatingWindowOperationsTests.swift */; };
		A1000000000000000000133 /* NotificationStoreTests.swift in Sources */ = {isa = PBXBuildFile; fileRef = A1000000000000000000132 /* NotificationStoreTests.swift */; };
		A1000000000000000000135 /* ExportTests.swift in Sources */ = {isa = PBXBuildFile; fileRef = A1000000000000000000134 /* ExportTests.swift */; };
		A1000000000000000000137 /* TodayTotalTimeTests.swift in Sources */ = {isa = PBXBuildFile; fileRef = A1000000000000000000136 /* TodayTotalTimeTests.swift */; };
		A1000000000000000000139 /* OrphanedSessionTests.swift in Sources */ = {isa = PBXBuildFile; fileRef = A1000000000000000000138 /* OrphanedSessionTests.swift */; };
		A1000000000000000000115 /* TodoItemTests.swift in Sources */ = {isa = PBXBuildFile; fileRef = A1000000000000000000114 /* TodoItemTests.swift */; };
		A1000000000000000000117 /* SubtaskTests.swift in Sources */ = {isa = PBXBuildFile; fileRef = A1000000000000000000116 /* SubtaskTests.swift */; };
		A1000000000000000000119 /* TodoStorageTests.swift in Sources */ = {isa = PBXBuildFile; fileRef = A1000000000000000000118 /* TodoStorageTests.swift */; };
		A1000000000000000000121 /* TodoOperationsTests.swift in Sources */ = {isa = PBXBuildFile; fileRef = A1000000000000000000120 /* TodoOperationsTests.swift */; };
		A1000000000000000000123 /* TimeFormattingTests.swift in Sources */ = {isa = PBXBuildFile; fileRef = A1000000000000000000122 /* TimeFormattingTests.swift */; };
		A1000001000000000000001 /* TimeControlApp.swift in Sources */ = {isa = PBXBuildFile; fileRef = A1000002000000000000001 /* TimeControlApp.swift */; };
		A1000003000000000000001 /* ContentView.swift in Sources */ = {isa = PBXBuildFile; fileRef = A1000004000000000000001 /* ContentView.swift */; };
		A1000005000000000000001 /* Assets.xcassets in Resources */ = {isa = PBXBuildFile; fileRef = A1000006000000000000001 /* Assets.xcassets */; };
		AA000001000000000000002 /* TodoRow.swift in Sources */ = {isa = PBXBuildFile; fileRef = AA000001000000000000001 /* TodoRow.swift */; };
		AA000002000000000000002 /* EditTodoSheet.swift in Sources */ = {isa = PBXBuildFile; fileRef = AA000002000000000000001 /* EditTodoSheet.swift */; };
		AA000003000000000000002 /* FloatingEditView.swift in Sources */ = {isa = PBXBuildFile; fileRef = AA000003000000000000001 /* FloatingEditView.swift */; };
		AA000004000000000000002 /* MassOperationsSheet.swift in Sources */ = {isa = PBXBuildFile; fileRef = AA000004000000000000001 /* MassOperationsSheet.swift */; };
		AA000005000000000000002 /* FloatingTaskWindowView.swift in Sources */ = {isa = PBXBuildFile; fileRef = AA000005000000000000001 /* FloatingTaskWindowView.swift */; };
		AA000006000000000000002 /* NotesViewerView.swift in Sources */ = {isa = PBXBuildFile; fileRef = AA000006000000000000001 /* NotesViewerView.swift */; };
		BB000001000000000000002 /* TaskListToolbar.swift in Sources */ = {isa = PBXBuildFile; fileRef = BB000001000000000000001 /* TaskListToolbar.swift */; };
		BB000002000000000000002 /* TaskListItem.swift in Sources */ = {isa = PBXBuildFile; fileRef = BB000002000000000000001 /* TaskListItem.swift */; };
		BB000003000000000000002 /* CompletedTasksSection.swift in Sources */ = {isa = PBXBuildFile; fileRef = BB000003000000000000001 /* CompletedTasksSection.swift */; };
		CC000001000000000000002 /* HistoryView.swift in Sources */ = {isa = PBXBuildFile; fileRef = CC000001000000000000001 /* HistoryView.swift */; };
		CC000002000000000000002 /* HistorySessionProcessor.swift in Sources */ = {isa = PBXBuildFile; fileRef = CC000002000000000000001 /* HistorySessionProcessor.swift */; };
		A10000000000000000001FF /* HistorySessionFilterTests.swift in Sources */ = {isa = PBXBuildFile; fileRef = A10000000000000000001FE /* HistorySessionFilterTests.swift */; };
		DD000002000000000000002 /* AppDelegate.swift in Sources */ = {isa = PBXBuildFile; fileRef = DD000002000000000000001 /* AppDelegate.swift */; };
		DD000003000000000000002 /* ReminderPickerPopover.swift in Sources */ = {isa = PBXBuildFile; fileRef = DD000003000000000000001 /* ReminderPickerPopover.swift */; };
		EE000001000000000000002 /* NotificationModels.swift in Sources */ = {isa = PBXBuildFile; fileRef = EE000001000000000000001 /* NotificationModels.swift */; };
		EE000002000000000000002 /* NotificationStore.swift in Sources */ = {isa = PBXBuildFile; fileRef = EE000002000000000000001 /* NotificationStore.swift */; };
		EE000003000000000000002 /* NotificationScheduler.swift in Sources */ = {isa = PBXBuildFile; fileRef = EE000003000000000000001 /* NotificationScheduler.swift */; };
		EE000004000000000000002 /* NotificationWindowManager.swift in Sources */ = {isa = PBXBuildFile; fileRef = EE000004000000000000001 /* NotificationWindowManager.swift */; };
		EE000005000000000000002 /* NotificationOverlayView.swift in Sources */ = {isa = PBXBuildFile; fileRef = EE000005000000000000001 /* NotificationOverlayView.swift */; };
		EE000006000000000000002 /* NotificationHistoryView.swift in Sources */ = {isa = PBXBuildFile; fileRef = EE000006000000000000001 /* NotificationHistoryView.swift */; };
		FF00000A000000000000002 /* NewTaskStickyStore.swift in Sources */ = {isa = PBXBuildFile; fileRef = FF00000A000000000000001 /* NewTaskStickyStore.swift */; };
		FF00000B000000000000002 /* NewTaskStickyModeTests.swift in Sources */ = {isa = PBXBuildFile; fileRef = FF00000B000000000000001 /* NewTaskStickyModeTests.swift */; };
/* End PBXBuildFile section */

/* Begin PBXContainerItemProxy section */
		A1000000000000000000108 /* PBXContainerItemProxy */ = {
			isa = PBXContainerItemProxy;
			containerPortal = A1000020000000000000001 /* Project object */;
			proxyType = 1;
			remoteGlobalIDString = A1000016000000000000001;
			remoteInfo = TimeControl;
		};
/* End PBXContainerItemProxy section */

/* Begin PBXFileReference section */
		9D1052AD2F46DA0000B7B24D /* Enums.swift */ = {isa = PBXFileReference; lastKnownFileType = sourcecode.swift; path = Enums.swift; sourceTree = "<group>"; };
		9D1052AE2F46DA0000B7B24D /* TodoItem.swift */ = {isa = PBXFileReference; lastKnownFileType = sourcecode.swift; path = TodoItem.swift; sourceTree = "<group>"; };
		9D1052B22F46DA0000B7B24D /* TimeFormatter.swift */ = {isa = PBXFileReference; lastKnownFileType = sourcecode.swift; path = TimeFormatter.swift; sourceTree = "<group>"; };
		9D1052B32F46DA0000B7B24D /* TodoStorage.swift */ = {isa = PBXFileReference; lastKnownFileType = sourcecode.swift; path = TodoStorage.swift; sourceTree = "<group>"; };
		A1000000000000000000140 /* Keychain.swift */ = {isa = PBXFileReference; lastKnownFileType = sourcecode.swift; path = Keychain.swift; sourceTree = "<group>"; };
		A1000000000000000000142 /* ADOService.swift */ = {isa = PBXFileReference; lastKnownFileType = sourcecode.swift; path = ADOService.swift; sourceTree = "<group>"; };
		A1000000000000000000144 /* ADOSettingsStore.swift */ = {isa = PBXFileReference; lastKnownFileType = sourcecode.swift; path = ADOSettingsStore.swift; sourceTree = "<group>"; };
		A1000000000000000000146 /* KeychainTests.swift */ = {isa = PBXFileReference; lastKnownFileType = sourcecode.swift; path = KeychainTests.swift; sourceTree = "<group>"; };
		A1000000000000000000148 /* ADOServiceTests.swift */ = {isa = PBXFileReference; lastKnownFileType = sourcecode.swift; path = ADOServiceTests.swift; sourceTree = "<group>"; };
		A1000000000000000000150 /* ADOSettingsStoreTests.swift */ = {isa = PBXFileReference; lastKnownFileType = sourcecode.swift; path = ADOSettingsStoreTests.swift; sourceTree = "<group>"; };
		9D1052B52F46DA0000B7B24D /* FloatingTooltip.swift */ = {isa = PBXFileReference; lastKnownFileType = sourcecode.swift; path = FloatingTooltip.swift; sourceTree = "<group>"; };
		9D1052B72F46DA0000B7B24D /* ExportAllTasksView.swift */ = {isa = PBXFileReference; lastKnownFileType = sourcecode.swift; path = ExportAllTasksView.swift; sourceTree = "<group>"; };
		9D1052B82F46DA0000B7B24D /* NewTaskPopupView.swift */ = {isa = PBXFileReference; lastKnownFileType = sourcecode.swift; path = NewTaskPopupView.swift; sourceTree = "<group>"; };
		9D1052B92F46DA0000B7B24D /* NotesEditorView.swift */ = {isa = PBXFileReference; lastKnownFileType = sourcecode.swift; path = NotesEditorView.swift; sourceTree = "<group>"; };
		9D1052BA2F46DA0000B7B24D /* PauseTaskConfirmationView.swift */ = {isa = PBXFileReference; lastKnownFileType = sourcecode.swift; path = PauseTaskConfirmationView.swift; sourceTree = "<group>"; };
		9D1052BB2F46DA0000B7B24D /* ReminderAlertView.swift */ = {isa = PBXFileReference; lastKnownFileType = sourcecode.swift; path = ReminderAlertView.swift; sourceTree = "<group>"; };
		9D1052BC2F46DA0000B7B24D /* SettingsSheet.swift */ = {isa = PBXFileReference; lastKnownFileType = sourcecode.swift; path = SettingsSheet.swift; sourceTree = "<group>"; };
		A1000000000000000000152 /* ADOSettingsSection.swift */ = {isa = PBXFileReference; lastKnownFileType = sourcecode.swift; path = ADOSettingsSection.swift; sourceTree = "<group>"; };
		9D1052BD2F46DA0000B7B24D /* SubtaskRow.swift */ = {isa = PBXFileReference; lastKnownFileType = sourcecode.swift; path = SubtaskRow.swift; sourceTree = "<group>"; };
		9D1052BE2F46DA0000B7B24D /* TimerPickerSheet.swift */ = {isa = PBXFileReference; lastKnownFileType = sourcecode.swift; path = TimerPickerSheet.swift; sourceTree = "<group>"; };
		9D1052C02F46DA0000B7B24D /* ExportWindowManager.swift */ = {isa = PBXFileReference; lastKnownFileType = sourcecode.swift; path = ExportWindowManager.swift; sourceTree = "<group>"; };
		9D1052C12F46DA0000B7B24D /* FloatingWindowDelegate.swift */ = {isa = PBXFileReference; lastKnownFileType = sourcecode.swift; path = FloatingWindowDelegate.swift; sourceTree = "<group>"; };
		NW000001000000000000000 /* NotesWindowFrameStore.swift */ = {isa = PBXFileReference; lastKnownFileType = sourcecode.swift; path = NotesWindowFrameStore.swift; sourceTree = "<group>"; };
		NW000002000000000000000 /* NotesWindowFrameStoreTests.swift */ = {isa = PBXFileReference; lastKnownFileType = sourcecode.swift; path = NotesWindowFrameStoreTests.swift; sourceTree = "<group>"; };
		WO000001000000000000000 /* WindowOpacityStore.swift */ = {isa = PBXFileReference; lastKnownFileType = sourcecode.swift; path = WindowOpacityStore.swift; sourceTree = "<group>"; };
		WO000002000000000000000 /* WindowOpacityStoreTests.swift */ = {isa = PBXFileReference; lastKnownFileType = sourcecode.swift; path = WindowOpacityStoreTests.swift; sourceTree = "<group>"; };
		WO000003000000000000000 /* WindowOpacityApplier.swift */ = {isa = PBXFileReference; lastKnownFileType = sourcecode.swift; path = WindowOpacityApplier.swift; sourceTree = "<group>"; };
		WO000004000000000000000 /* WindowOpacityApplierTests.swift */ = {isa = PBXFileReference; lastKnownFileType = sourcecode.swift; path = WindowOpacityApplierTests.swift; sourceTree = "<group>"; };
		ST000001000000000000000 /* SubtitleText.swift */ = {isa = PBXFileReference; lastKnownFileType = sourcecode.swift; path = SubtitleText.swift; sourceTree = "<group>"; };
		ST000002000000000000000 /* SubtitleTextStrokeTests.swift */ = {isa = PBXFileReference; lastKnownFileType = sourcecode.swift; path = SubtitleTextStrokeTests.swift; sourceTree = "<group>"; };
		AU000001000000000000000 /* ADOURLBuilder.swift */ = {isa = PBXFileReference; lastKnownFileType = sourcecode.swift; path = ADOURLBuilder.swift; sourceTree = "<group>"; };
		AU000002000000000000000 /* ADOURLBuilderTests.swift */ = {isa = PBXFileReference; lastKnownFileType = sourcecode.swift; path = ADOURLBuilderTests.swift; sourceTree = "<group>"; };
		AL000001000000000000000 /* ADOLinkRow.swift */ = {isa = PBXFileReference; lastKnownFileType = sourcecode.swift; path = ADOLinkRow.swift; sourceTree = "<group>"; };
		9D1052C22F46DA0000B7B24D /* FloatingWindowManager.swift */ = {isa = PBXFileReference; lastKnownFileType = sourcecode.swift; path = FloatingWindowManager.swift; sourceTree = "<group>"; };
		9D1052C32F46DA0000B7B24D /* TooltipWindowManager.swift */ = {isa = PBXFileReference; lastKnownFileType = sourcecode.swift; path = TooltipWindowManager.swift; sourceTree = "<group>"; };
		9D1052D72F46DB1800B7B24D /* TodoViewModel.swift */ = {isa = PBXFileReference; lastKnownFileType = sourcecode.swift; path = TodoViewModel.swift; sourceTree = "<group>"; };
		A1000000000000000000101 /* TimeControlTests.xctest */ = {isa = PBXFileReference; explicitFileType = wrapper.cfbundle; includeInIndex = 0; path = TimeControlTests.xctest; sourceTree = BUILT_PRODUCTS_DIR; };
		A1000000000000000000124 /* TestHelpers.swift */ = {isa = PBXFileReference; lastKnownFileType = sourcecode.swift; path = TestHelpers.swift; sourceTree = "<group>"; };
		A1000000000000000000126 /* TodoViewModelTests.swift */ = {isa = PBXFileReference; lastKnownFileType = sourcecode.swift; path = TodoViewModelTests.swift; sourceTree = "<group>"; };
		A1000000000000000000128 /* FilterSortTests.swift */ = {isa = PBXFileReference; lastKnownFileType = sourcecode.swift; path = FilterSortTests.swift; sourceTree = "<group>"; };
		A100000000000000000012A /* TaskSessionTests.swift */ = {isa = PBXFileReference; lastKnownFileType = sourcecode.swift; path = TaskSessionTests.swift; sourceTree = "<group>"; };
		A100000000000000000012C /* NotificationSchedulerTests.swift */ = {isa = PBXFileReference; lastKnownFileType = sourcecode.swift; path = NotificationSchedulerTests.swift; sourceTree = "<group>"; };
		A100000000000000000012E /* ModelEnumTests.swift */ = {isa = PBXFileReference; lastKnownFileType = sourcecode.swift; path = ModelEnumTests.swift; sourceTree = "<group>"; };
		A1000000000000000000130 /* FloatingWindowOperationsTests.swift */ = {isa = PBXFileReference; lastKnownFileType = sourcecode.swift; path = FloatingWindowOperationsTests.swift; sourceTree = "<group>"; };
		A1000000000000000000132 /* NotificationStoreTests.swift */ = {isa = PBXFileReference; lastKnownFileType = sourcecode.swift; path = NotificationStoreTests.swift; sourceTree = "<group>"; };
		A1000000000000000000134 /* ExportTests.swift */ = {isa = PBXFileReference; lastKnownFileType = sourcecode.swift; path = ExportTests.swift; sourceTree = "<group>"; };
		A1000000000000000000136 /* TodayTotalTimeTests.swift */ = {isa = PBXFileReference; lastKnownFileType = sourcecode.swift; path = TodayTotalTimeTests.swift; sourceTree = "<group>"; };
		A1000000000000000000138 /* OrphanedSessionTests.swift */ = {isa = PBXFileReference; lastKnownFileType = sourcecode.swift; path = OrphanedSessionTests.swift; sourceTree = "<group>"; };
		A1000000000000000000114 /* TodoItemTests.swift */ = {isa = PBXFileReference; lastKnownFileType = sourcecode.swift; path = TodoItemTests.swift; sourceTree = "<group>"; };
		A1000000000000000000116 /* SubtaskTests.swift */ = {isa = PBXFileReference; lastKnownFileType = sourcecode.swift; path = SubtaskTests.swift; sourceTree = "<group>"; };
		A1000000000000000000118 /* TodoStorageTests.swift */ = {isa = PBXFileReference; lastKnownFileType = sourcecode.swift; path = TodoStorageTests.swift; sourceTree = "<group>"; };
		A1000000000000000000120 /* TodoOperationsTests.swift */ = {isa = PBXFileReference; lastKnownFileType = sourcecode.swift; path = TodoOperationsTests.swift; sourceTree = "<group>"; };
		A1000000000000000000122 /* TimeFormattingTests.swift */ = {isa = PBXFileReference; lastKnownFileType = sourcecode.swift; path = TimeFormattingTests.swift; sourceTree = "<group>"; };
		A1000002000000000000001 /* TimeControlApp.swift */ = {isa = PBXFileReference; lastKnownFileType = sourcecode.swift; path = TimeControlApp.swift; sourceTree = "<group>"; };
		A1000004000000000000001 /* ContentView.swift */ = {isa = PBXFileReference; lastKnownFileType = sourcecode.swift; path = ContentView.swift; sourceTree = "<group>"; };
		A1000006000000000000001 /* Assets.xcassets */ = {isa = PBXFileReference; lastKnownFileType = folder.assetcatalog; path = Assets.xcassets; sourceTree = "<group>"; };
		A1000009000000000000001 /* TimeControl.app */ = {isa = PBXFileReference; explicitFileType = wrapper.application; includeInIndex = 0; path = TimeControl.app; sourceTree = BUILT_PRODUCTS_DIR; };
		A1000010000000000000001 /* TimeControl.entitlements */ = {isa = PBXFileReference; lastKnownFileType = text.plist.entitlements; path = TimeControl.entitlements; sourceTree = "<group>"; };
		AA000001000000000000001 /* TodoRow.swift */ = {isa = PBXFileReference; lastKnownFileType = sourcecode.swift; path = TodoRow.swift; sourceTree = "<group>"; };
		AA000002000000000000001 /* EditTodoSheet.swift */ = {isa = PBXFileReference; lastKnownFileType = sourcecode.swift; path = EditTodoSheet.swift; sourceTree = "<group>"; };
		AA000003000000000000001 /* FloatingEditView.swift */ = {isa = PBXFileReference; lastKnownFileType = sourcecode.swift; path = FloatingEditView.swift; sourceTree = "<group>"; };
		AA000004000000000000001 /* MassOperationsSheet.swift */ = {isa = PBXFileReference; lastKnownFileType = sourcecode.swift; path = MassOperationsSheet.swift; sourceTree = "<group>"; };
		AA000005000000000000001 /* FloatingTaskWindowView.swift */ = {isa = PBXFileReference; lastKnownFileType = sourcecode.swift; path = FloatingTaskWindowView.swift; sourceTree = "<group>"; };
		AA000006000000000000001 /* NotesViewerView.swift */ = {isa = PBXFileReference; lastKnownFileType = sourcecode.swift; path = NotesViewerView.swift; sourceTree = "<group>"; };
		BB000001000000000000001 /* TaskListToolbar.swift */ = {isa = PBXFileReference; lastKnownFileType = sourcecode.swift; path = TaskListToolbar.swift; sourceTree = "<group>"; };
		BB000002000000000000001 /* TaskListItem.swift */ = {isa = PBXFileReference; lastKnownFileType = sourcecode.swift; path = TaskListItem.swift; sourceTree = "<group>"; };
		BB000003000000000000001 /* CompletedTasksSection.swift */ = {isa = PBXFileReference; lastKnownFileType = sourcecode.swift; path = CompletedTasksSection.swift; sourceTree = "<group>"; };
		CC000001000000000000001 /* HistoryView.swift */ = {isa = PBXFileReference; lastKnownFileType = sourcecode.swift; path = HistoryView.swift; sourceTree = "<group>"; };
		CC000002000000000000001 /* HistorySessionProcessor.swift */ = {isa = PBXFileReference; lastKnownFileType = sourcecode.swift; path = HistorySessionProcessor.swift; sourceTree = "<group>"; };
		A10000000000000000001FE /* HistorySessionFilterTests.swift */ = {isa = PBXFileReference; lastKnownFileType = sourcecode.swift; path = HistorySessionFilterTests.swift; sourceTree = "<group>"; };
		DD000002000000000000001 /* AppDelegate.swift */ = {isa = PBXFileReference; lastKnownFileType = sourcecode.swift; path = AppDelegate.swift; sourceTree = "<group>"; };
		DD000003000000000000001 /* ReminderPickerPopover.swift */ = {isa = PBXFileReference; lastKnownFileType = sourcecode.swift; path = ReminderPickerPopover.swift; sourceTree = "<group>"; };
		EE000001000000000000001 /* NotificationModels.swift */ = {isa = PBXFileReference; lastKnownFileType = sourcecode.swift; path = NotificationModels.swift; sourceTree = "<group>"; };
		EE000002000000000000001 /* NotificationStore.swift */ = {isa = PBXFileReference; lastKnownFileType = sourcecode.swift; path = NotificationStore.swift; sourceTree = "<group>"; };
		EE000003000000000000001 /* NotificationScheduler.swift */ = {isa = PBXFileReference; lastKnownFileType = sourcecode.swift; path = NotificationScheduler.swift; sourceTree = "<group>"; };
		EE000004000000000000001 /* NotificationWindowManager.swift */ = {isa = PBXFileReference; lastKnownFileType = sourcecode.swift; path = NotificationWindowManager.swift; sourceTree = "<group>"; };
		EE000005000000000000001 /* NotificationOverlayView.swift */ = {isa = PBXFileReference; lastKnownFileType = sourcecode.swift; path = NotificationOverlayView.swift; sourceTree = "<group>"; };
		EE000006000000000000001 /* NotificationHistoryView.swift */ = {isa = PBXFileReference; lastKnownFileType = sourcecode.swift; path = NotificationHistoryView.swift; sourceTree = "<group>"; };
		FF000006000000000000001 /* SQLiteStorage.swift */ = {isa = PBXFileReference; lastKnownFileType = sourcecode.swift; path = SQLiteStorage.swift; sourceTree = "<group>"; };
		FF000008000000000000001 /* SQLiteStorageTests.swift */ = {isa = PBXFileReference; lastKnownFileType = sourcecode.swift; path = SQLiteStorageTests.swift; sourceTree = "<group>"; };
		FF00000A000000000000001 /* NewTaskStickyStore.swift */ = {isa = PBXFileReference; lastKnownFileType = sourcecode.swift; path = NewTaskStickyStore.swift; sourceTree = "<group>"; };
		FF00000B000000000000001 /* NewTaskStickyModeTests.swift */ = {isa = PBXFileReference; lastKnownFileType = sourcecode.swift; path = NewTaskStickyModeTests.swift; sourceTree = "<group>"; };
/* End PBXFileReference section */

/* Begin PBXFrameworksBuildPhase section */
		A1000000000000000000104 /* Frameworks */ = {
			isa = PBXFrameworksBuildPhase;
			buildActionMask = 2147483647;
			files = (
				FF000002000000000000001 /* GRDB in Frameworks (tests) */,
			);
			runOnlyForDeploymentPostprocessing = 0;
		};
		A1000011000000000000001 /* Frameworks */ = {
			isa = PBXFrameworksBuildPhase;
			buildActionMask = 2147483647;
			files = (
				FF000001000000000000001 /* GRDB in Frameworks (app) */,
			);
			runOnlyForDeploymentPostprocessing = 0;
		};
/* End PBXFrameworksBuildPhase section */

/* Begin PBXGroup section */
		9D1052AF2F46DA0000B7B24D /* Models */ = {
			isa = PBXGroup;
			children = (
				9D1052AD2F46DA0000B7B24D /* Enums.swift */,
				9D1052AE2F46DA0000B7B24D /* TodoItem.swift */,
				EE000001000000000000001 /* NotificationModels.swift */,
			);
			path = Models;
			sourceTree = "<group>";
		};
		9D1052B42F46DA0000B7B24D /* Services */ = {
			isa = PBXGroup;
			children = (
				9D1052B22F46DA0000B7B24D /* TimeFormatter.swift */,
				9D1052B32F46DA0000B7B24D /* TodoStorage.swift */,
				FF000006000000000000001 /* SQLiteStorage.swift */,
				EE000002000000000000001 /* NotificationStore.swift */,
				EE000003000000000000001 /* NotificationScheduler.swift */,
				FF00000A000000000000001 /* NewTaskStickyStore.swift */,
				A1000000000000000000140 /* Keychain.swift */,
				A1000000000000000000142 /* ADOService.swift */,
				A1000000000000000000144 /* ADOSettingsStore.swift */,
				AU000001000000000000000 /* ADOURLBuilder.swift */,
			);
			path = Services;
			sourceTree = "<group>";
		};
		9D1052B62F46DA0000B7B24D /* Utilities */ = {
			isa = PBXGroup;
			children = (
				9D1052B52F46DA0000B7B24D /* FloatingTooltip.swift */,
			);
			path = Utilities;
			sourceTree = "<group>";
		};
		9D1052BF2F46DA0000B7B24D /* Views */ = {
			isa = PBXGroup;
			children = (
				BB000001000000000000001 /* TaskListToolbar.swift */,
				BB000002000000000000001 /* TaskListItem.swift */,
				BB000003000000000000001 /* CompletedTasksSection.swift */,
				9D1052B72F46DA0000B7B24D /* ExportAllTasksView.swift */,
				9D1052B82F46DA0000B7B24D /* NewTaskPopupView.swift */,
				9D1052B92F46DA0000B7B24D /* NotesEditorView.swift */,
				AA000006000000000000001 /* NotesViewerView.swift */,
				CC000001000000000000001 /* HistoryView.swift */,
				CC000002000000000000001 /* HistorySessionProcessor.swift */,
				9D1052BA2F46DA0000B7B24D /* PauseTaskConfirmationView.swift */,
				9D1052BB2F46DA0000B7B24D /* ReminderAlertView.swift */,
				9D1052BC2F46DA0000B7B24D /* SettingsSheet.swift */,
				A1000000000000000000152 /* ADOSettingsSection.swift */,
				9D1052BD2F46DA0000B7B24D /* SubtaskRow.swift */,
				9D1052BE2F46DA0000B7B24D /* TimerPickerSheet.swift */,
				AA000001000000000000001 /* TodoRow.swift */,
				AA000002000000000000001 /* EditTodoSheet.swift */,
				AA000003000000000000001 /* FloatingEditView.swift */,
				AA000004000000000000001 /* MassOperationsSheet.swift */,
				AA000005000000000000001 /* FloatingTaskWindowView.swift */,
				DD000003000000000000001 /* ReminderPickerPopover.swift */,
				EE000005000000000000001 /* NotificationOverlayView.swift */,
				EE000006000000000000001 /* NotificationHistoryView.swift */,
				AL000001000000000000000 /* ADOLinkRow.swift */,
				ST000001000000000000000 /* SubtitleText.swift */,
			);
			path = Views;
			sourceTree = "<group>";
		};
		9D1052C42F46DA0000B7B24D /* WindowManagement */ = {
			isa = PBXGroup;
			children = (
				9D1052C02F46DA0000B7B24D /* ExportWindowManager.swift */,
				9D1052C12F46DA0000B7B24D /* FloatingWindowDelegate.swift */,
				NW000001000000000000000 /* NotesWindowFrameStore.swift */,
				WO000001000000000000000 /* WindowOpacityStore.swift */,
				WO000003000000000000000 /* WindowOpacityApplier.swift */,
				9D1052C22F46DA0000B7B24D /* FloatingWindowManager.swift */,
				9D1052C32F46DA0000B7B24D /* TooltipWindowManager.swift */,
				DD000002000000000000001 /* AppDelegate.swift */,
				EE000004000000000000001 /* NotificationWindowManager.swift */,
			);
			path = WindowManagement;
			sourceTree = "<group>";
		};
		9D1052D82F46DB1800B7B24D /* ViewModels */ = {
			isa = PBXGroup;
			children = (
				9D1052D72F46DB1800B7B24D /* TodoViewModel.swift */,
			);
			path = ViewModels;
			sourceTree = "<group>";
		};
		9D1052DA2F46DB6900B7B24D /* Preview Content */ = {
			isa = PBXGroup;
			children = (
			);
			path = "Preview Content";
			sourceTree = "<group>";
		};
		A1000000000000000000102 /* TimeControlTests */ = {
			isa = PBXGroup;
			children = (
				A1000000000000000000124 /* TestHelpers.swift */,
				FF000008000000000000001 /* SQLiteStorageTests.swift */,
				A1000000000000000000126 /* TodoViewModelTests.swift */,
				A1000000000000000000128 /* FilterSortTests.swift */,
				A1000000000000000000114 /* TodoItemTests.swift */,
				A100000000000000000012A /* TaskSessionTests.swift */,
				A1000000000000000000116 /* SubtaskTests.swift */,
				A1000000000000000000118 /* TodoStorageTests.swift */,
				A1000000000000000000120 /* TodoOperationsTests.swift */,
				A1000000000000000000122 /* TimeFormattingTests.swift */,
				A100000000000000000012C /* NotificationSchedulerTests.swift */,
				A100000000000000000012E /* ModelEnumTests.swift */,
				A1000000000000000000130 /* FloatingWindowOperationsTests.swift */,
				A1000000000000000000132 /* NotificationStoreTests.swift */,
				A1000000000000000000134 /* ExportTests.swift */,
				A1000000000000000000136 /* TodayTotalTimeTests.swift */,
				A1000000000000000000138 /* OrphanedSessionTests.swift */,
				FF00000B000000000000001 /* NewTaskStickyModeTests.swift */,
				A10000000000000000001FE /* HistorySessionFilterTests.swift */,
				NW000002000000000000000 /* NotesWindowFrameStoreTests.swift */,
				WO000002000000000000000 /* WindowOpacityStoreTests.swift */,
				WO000004000000000000000 /* WindowOpacityApplierTests.swift */,
				ST000002000000000000000 /* SubtitleTextStrokeTests.swift */,
				A1000000000000000000146 /* KeychainTests.swift */,
				A1000000000000000000148 /* ADOServiceTests.swift */,
				A1000000000000000000150 /* ADOSettingsStoreTests.swift */,
				AU000002000000000000000 /* ADOURLBuilderTests.swift */,
			);
			path = TimeControlTests;
			sourceTree = "<group>";
		};
		A1000012000000000000001 = {
			isa = PBXGroup;
			children = (
				A1000013000000000000001 /* TimeControl */,
				A1000000000000000000102 /* TimeControlTests */,
				A1000014000000000000001 /* Products */,
			);
			sourceTree = "<group>";
		};
		A1000013000000000000001 /* TimeControl */ = {
			isa = PBXGroup;
			children = (
				9D1052DA2F46DB6900B7B24D /* Preview Content */,
				9D1052D82F46DB1800B7B24D /* ViewModels */,
				9D1052AF2F46DA0000B7B24D /* Models */,
				9D1052B42F46DA0000B7B24D /* Services */,
				9D1052B62F46DA0000B7B24D /* Utilities */,
				9D1052BF2F46DA0000B7B24D /* Views */,
				9D1052C42F46DA0000B7B24D /* WindowManagement */,
				A1000002000000000000001 /* TimeControlApp.swift */,
				A1000004000000000000001 /* ContentView.swift */,
				A1000006000000000000001 /* Assets.xcassets */,
				A1000010000000000000001 /* TimeControl.entitlements */,
			);
			path = TimeControl;
			sourceTree = "<group>";
		};
		A1000014000000000000001 /* Products */ = {
			isa = PBXGroup;
			children = (
				A1000009000000000000001 /* TimeControl.app */,
				A1000000000000000000101 /* TimeControlTests.xctest */,
			);
			name = Products;
			sourceTree = "<group>";
		};
/* End PBXGroup section */

/* Begin PBXNativeTarget section */
		A1000000000000000000100 /* TimeControlTests */ = {
			isa = PBXNativeTarget;
			buildConfigurationList = A1000000000000000000109 /* Build configuration list for PBXNativeTarget "TimeControlTests" */;
			buildPhases = (
				A1000000000000000000103 /* Sources */,
				A1000000000000000000104 /* Frameworks */,
				A1000000000000000000105 /* Resources */,
			);
			buildRules = (
			);
			dependencies = (
				A1000000000000000000106 /* PBXTargetDependency */,
			);
			name = TimeControlTests;
			packageProductDependencies = (
				FF000004000000000000001 /* GRDB */,
			);
			productName = TimeControlTests;
			productReference = A1000000000000000000101 /* TimeControlTests.xctest */;
			productType = "com.apple.product-type.bundle.unit-test";
		};
		A1000016000000000000001 /* TimeControl */ = {
			isa = PBXNativeTarget;
			buildConfigurationList = A1000017000000000000001 /* Build configuration list for PBXNativeTarget "TimeControl" */;
			buildPhases = (
				A1000018000000000000001 /* Sources */,
				A1000011000000000000001 /* Frameworks */,
				A1000019000000000000001 /* Resources */,
			);
			buildRules = (
			);
			dependencies = (
			);
			name = TimeControl;
			packageProductDependencies = (
				FF000003000000000000001 /* GRDB */,
			);
			productName = TimeControl;
			productReference = A1000009000000000000001 /* TimeControl.app */;
			productType = "com.apple.product-type.application";
		};
/* End PBXNativeTarget section */

/* Begin PBXProject section */
		A1000020000000000000001 /* Project object */ = {
			isa = PBXProject;
			attributes = {
				BuildIndependentTargetsInParallel = 1;
				LastSwiftUpdateCheck = 1500;
				LastUpgradeCheck = 1500;
				TargetAttributes = {
					A1000000000000000000100 = {
						CreatedOnToolsVersion = 15.0;
						TestTargetID = A1000016000000000000001;
					};
					A1000016000000000000001 = {
						CreatedOnToolsVersion = 15.0;
					};
				};
			};
			buildConfigurationList = A1000021000000000000001 /* Build configuration list for PBXProject "TimeControl" */;
			compatibilityVersion = "Xcode 14.0";
			developmentRegion = en;
			hasScannedForEncodings = 0;
			knownRegions = (
				en,
				Base,
			);
			mainGroup = A1000012000000000000001;
			productRefGroup = A1000014000000000000001 /* Products */;
			projectDirPath = "";
			projectRoot = "";
			packageReferences = (
				FF000009000000000000001 /* XCRemoteSwiftPackageReference "GRDB.swift" */,
			);
			targets = (
				A1000016000000000000001 /* TimeControl */,
				A1000000000000000000100 /* TimeControlTests */,
			);
		};
/* End PBXProject section */

/* Begin PBXResourcesBuildPhase section */
		A1000000000000000000105 /* Resources */ = {
			isa = PBXResourcesBuildPhase;
			buildActionMask = 2147483647;
			files = (
			);
			runOnlyForDeploymentPostprocessing = 0;
		};
		A1000019000000000000001 /* Resources */ = {
			isa = PBXResourcesBuildPhase;
			buildActionMask = 2147483647;
			files = (
				A1000005000000000000001 /* Assets.xcassets in Resources */,
			);
			runOnlyForDeploymentPostprocessing = 0;
		};
/* End PBXResourcesBuildPhase section */

/* Begin PBXSourcesBuildPhase section */
		A1000000000000000000103 /* Sources */ = {
			isa = PBXSourcesBuildPhase;
			buildActionMask = 2147483647;
			files = (
				A1000000000000000000125 /* TestHelpers.swift in Sources */,
				FF000007000000000000001 /* SQLiteStorageTests.swift in Sources */,
				A1000000000000000000127 /* TodoViewModelTests.swift in Sources */,
				A1000000000000000000129 /* FilterSortTests.swift in Sources */,
				A1000000000000000000115 /* TodoItemTests.swift in Sources */,
				A100000000000000000012B /* TaskSessionTests.swift in Sources */,
				A1000000000000000000117 /* SubtaskTests.swift in Sources */,
				A1000000000000000000119 /* TodoStorageTests.swift in Sources */,
				A1000000000000000000121 /* TodoOperationsTests.swift in Sources */,
				A1000000000000000000123 /* TimeFormattingTests.swift in Sources */,
				A100000000000000000012D /* NotificationSchedulerTests.swift in Sources */,
				A100000000000000000012F /* ModelEnumTests.swift in Sources */,
				A1000000000000000000131 /* FloatingWindowOperationsTests.swift in Sources */,
				A1000000000000000000133 /* NotificationStoreTests.swift in Sources */,
				A1000000000000000000135 /* ExportTests.swift in Sources */,
				A1000000000000000000137 /* TodayTotalTimeTests.swift in Sources */,
				A1000000000000000000139 /* OrphanedSessionTests.swift in Sources */,
				FF00000B000000000000002 /* NewTaskStickyModeTests.swift in Sources */,
				A10000000000000000001FF /* HistorySessionFilterTests.swift in Sources */,
				NW000002000000000000001 /* NotesWindowFrameStoreTests.swift in Sources */,
				WO000002000000000000001 /* WindowOpacityStoreTests.swift in Sources */,
				WO000004000000000000001 /* WindowOpacityApplierTests.swift in Sources */,
				ST000002000000000000001 /* SubtitleTextStrokeTests.swift in Sources */,
				A1000000000000000000147 /* KeychainTests.swift in Sources */,
				A1000000000000000000149 /* ADOServiceTests.swift in Sources */,
				A1000000000000000000151 /* ADOSettingsStoreTests.swift in Sources */,
				AU000002000000000000001 /* ADOURLBuilderTests.swift in Sources */,
			);
			runOnlyForDeploymentPostprocessing = 0;
		};
		A1000018000000000000001 /* Sources */ = {
			isa = PBXSourcesBuildPhase;
			buildActionMask = 2147483647;
			files = (
				BB000001000000000000002 /* TaskListToolbar.swift in Sources */,
				BB000002000000000000002 /* TaskListItem.swift in Sources */,
				BB000003000000000000002 /* CompletedTasksSection.swift in Sources */,
				9D1052C62F46DA0000B7B24D /* SettingsSheet.swift in Sources */,
				A1000000000000000000153 /* ADOSettingsSection.swift in Sources */,
				9D1052C72F46DA0000B7B24D /* SubtaskRow.swift in Sources */,
				9D1052C82F46DA0000B7B24D /* PauseTaskConfirmationView.swift in Sources */,
				9D1052C92F46DA0000B7B24D /* TooltipWindowManager.swift in Sources */,
				9D1052CA2F46DA0000B7B24D /* TimeFormatter.swift in Sources */,
				9D1052CB2F46DA0000B7B24D /* ExportWindowManager.swift in Sources */,
				9D1052CC2F46DA0000B7B24D /* FloatingTooltip.swift in Sources */,
				9D1052CD2F46DA0000B7B24D /* FloatingWindowDelegate.swift in Sources */,
				NW000001000000000000001 /* NotesWindowFrameStore.swift in Sources */,
				WO000001000000000000001 /* WindowOpacityStore.swift in Sources */,
				WO000003000000000000001 /* WindowOpacityApplier.swift in Sources */,
				9D1052D92F46DB1800B7B24D /* TodoViewModel.swift in Sources */,
				9D1052CE2F46DA0000B7B24D /* ExportAllTasksView.swift in Sources */,
				9D1052CF2F46DA0000B7B24D /* FloatingWindowManager.swift in Sources */,
				9D1052D02F46DA0000B7B24D /* ReminderAlertView.swift in Sources */,
				9D1052D12F46DA0000B7B24D /* NotesEditorView.swift in Sources */,
				AA000006000000000000002 /* NotesViewerView.swift in Sources */,
				CC000001000000000000002 /* HistoryView.swift in Sources */,
				CC000002000000000000002 /* HistorySessionProcessor.swift in Sources */,
				9D1052D22F46DA0000B7B24D /* TimerPickerSheet.swift in Sources */,
				9D1052D32F46DA0000B7B24D /* TodoItem.swift in Sources */,
				9D1052D42F46DA0000B7B24D /* TodoStorage.swift in Sources */,
				A1000000000000000000141 /* Keychain.swift in Sources */,
				A1000000000000000000143 /* ADOService.swift in Sources */,
				A1000000000000000000145 /* ADOSettingsStore.swift in Sources */,
				AU000001000000000000001 /* ADOURLBuilder.swift in Sources */,
				AL000001000000000000001 /* ADOLinkRow.swift in Sources */,
				ST000001000000000000001 /* SubtitleText.swift in Sources */,
				FF000005000000000000001 /* SQLiteStorage.swift in Sources */,
				9D1052D52F46DA0000B7B24D /* NewTaskPopupView.swift in Sources */,
				9D1052D62F46DA0000B7B24D /* Enums.swift in Sources */,
				AA000001000000000000002 /* TodoRow.swift in Sources */,
				AA000002000000000000002 /* EditTodoSheet.swift in Sources */,
				AA000003000000000000002 /* FloatingEditView.swift in Sources */,
				AA000004000000000000002 /* MassOperationsSheet.swift in Sources */,
				AA000005000000000000002 /* FloatingTaskWindowView.swift in Sources */,
				A1000003000000000000001 /* ContentView.swift in Sources */,
				A1000001000000000000001 /* TimeControlApp.swift in Sources */,
				DD000002000000000000002 /* AppDelegate.swift in Sources */,
				DD000003000000000000002 /* ReminderPickerPopover.swift in Sources */,
				EE000001000000000000002 /* NotificationModels.swift in Sources */,
				EE000002000000000000002 /* NotificationStore.swift in Sources */,
				EE000003000000000000002 /* NotificationScheduler.swift in Sources */,
				EE000004000000000000002 /* NotificationWindowManager.swift in Sources */,
				EE000005000000000000002 /* NotificationOverlayView.swift in Sources */,
				EE000006000000000000002 /* NotificationHistoryView.swift in Sources */,
				FF00000A000000000000002 /* NewTaskStickyStore.swift in Sources */,
			);
			runOnlyForDeploymentPostprocessing = 0;
		};
/* End PBXSourcesBuildPhase section */

/* Begin PBXTargetDependency section */
		A1000000000000000000106 /* PBXTargetDependency */ = {
			isa = PBXTargetDependency;
			target = A1000016000000000000001 /* TimeControl */;
			targetProxy = A1000000000000000000108 /* PBXContainerItemProxy */;
		};
/* End PBXTargetDependency section */

/* Begin XCRemoteSwiftPackageReference section */
		FF000009000000000000001 /* XCRemoteSwiftPackageReference "GRDB.swift" */ = {
			isa = XCRemoteSwiftPackageReference;
			repositoryURL = "https://github.com/groue/GRDB.swift.git";
			requirement = {
				kind = upToNextMajorVersion;
				minimumVersion = 6.0.0;
			};
		};
/* End XCRemoteSwiftPackageReference section */

/* Begin XCSwiftPackageProductDependency section */
		FF000003000000000000001 /* GRDB */ = {
			isa = XCSwiftPackageProductDependency;
			package = FF000009000000000000001 /* XCRemoteSwiftPackageReference "GRDB.swift" */;
			productName = GRDB;
		};
		FF000004000000000000001 /* GRDB */ = {
			isa = XCSwiftPackageProductDependency;
			package = FF000009000000000000001 /* XCRemoteSwiftPackageReference "GRDB.swift" */;
			productName = GRDB;
		};
/* End XCSwiftPackageProductDependency section */

/* Begin XCBuildConfiguration section */
		A1000000000000000000110 /* Debug */ = {
			isa = XCBuildConfiguration;
			buildSettings = {
				BUNDLE_LOADER = "$(TEST_HOST)";
				CODE_SIGN_STYLE = Automatic;
				CURRENT_PROJECT_VERSION = 1;
				GENERATE_INFOPLIST_FILE = YES;
				MARKETING_VERSION = 1.0;
				PRODUCT_BUNDLE_IDENTIFIER = com.example.TimeControlTests;
				PRODUCT_NAME = "$(TARGET_NAME)";
				SWIFT_EMIT_LOC_STRINGS = NO;
				SWIFT_VERSION = 5.0;
				TEST_HOST = "$(BUILT_PRODUCTS_DIR)/TimeControl.app/$(BUNDLE_EXECUTABLE_FOLDER_PATH)/TimeControl";
			};
			name = Debug;
		};
		A1000000000000000000111 /* Release */ = {
			isa = XCBuildConfiguration;
			buildSettings = {
				BUNDLE_LOADER = "$(TEST_HOST)";
				CODE_SIGN_STYLE = Automatic;
				CURRENT_PROJECT_VERSION = 1;
				GENERATE_INFOPLIST_FILE = YES;
				MARKETING_VERSION = 1.0;
				PRODUCT_BUNDLE_IDENTIFIER = com.example.TimeControlTests;
				PRODUCT_NAME = "$(TARGET_NAME)";
				SWIFT_EMIT_LOC_STRINGS = NO;
				SWIFT_VERSION = 5.0;
				TEST_HOST = "$(BUILT_PRODUCTS_DIR)/TimeControl.app/$(BUNDLE_EXECUTABLE_FOLDER_PATH)/TimeControl";
			};
			name = Release;
		};
		A1000022000000000000001 /* Debug */ = {
			isa = XCBuildConfiguration;
			buildSettings = {
				ALWAYS_SEARCH_USER_PATHS = NO;
				ASSETCATALOG_COMPILER_GENERATE_SWIFT_ASSET_SYMBOL_EXTENSIONS = YES;
				CLANG_ANALYZER_NONNULL = YES;
				CLANG_ANALYZER_NUMBER_OBJECT_CONVERSION = YES_AGGRESSIVE;
				CLANG_CXX_LANGUAGE_STANDARD = "gnu++20";
				CLANG_ENABLE_MODULES = YES;
				CLANG_ENABLE_OBJC_ARC = YES;
				CLANG_ENABLE_OBJC_WEAK = YES;
				CLANG_WARN_BLOCK_CAPTURE_AUTORELEASING = YES;
				CLANG_WARN_BOOL_CONVERSION = YES;
				CLANG_WARN_COMMA = YES;
				CLANG_WARN_CONSTANT_CONVERSION = YES;
				CLANG_WARN_DEPRECATED_OBJC_IMPLEMENTATIONS = YES;
				CLANG_WARN_DIRECT_OBJC_ISA_USAGE = YES_ERROR;
				CLANG_WARN_DOCUMENTATION_COMMENTS = YES;
				CLANG_WARN_EMPTY_BODY = YES;
				CLANG_WARN_ENUM_CONVERSION = YES;
				CLANG_WARN_INFINITE_RECURSION = YES;
				CLANG_WARN_INT_CONVERSION = YES;
				CLANG_WARN_NON_LITERAL_NULL_CONVERSION = YES;
				CLANG_WARN_OBJC_IMPLICIT_RETAIN_SELF = YES;
				CLANG_WARN_OBJC_LITERAL_CONVERSION = YES;
				CLANG_WARN_OBJC_ROOT_CLASS = YES_ERROR;
				CLANG_WARN_QUOTED_INCLUDE_IN_FRAMEWORK_HEADER = YES;
				CLANG_WARN_RANGE_LOOP_ANALYSIS = YES;
				CLANG_WARN_STRICT_PROTOTYPES = YES;
				CLANG_WARN_SUSPICIOUS_MOVE = YES;
				CLANG_WARN_UNGUARDED_AVAILABILITY = YES_AGGRESSIVE;
				CLANG_WARN_UNREACHABLE_CODE = YES;
				CLANG_WARN__DUPLICATE_METHOD_MATCH = YES;
				COPY_PHASE_STRIP = NO;
				DEBUG_INFORMATION_FORMAT = dwarf;
				ENABLE_STRICT_OBJC_MSGSEND = YES;
				ENABLE_TESTABILITY = YES;
				ENABLE_USER_SCRIPT_SANDBOXING = YES;
				GCC_C_LANGUAGE_STANDARD = gnu17;
				GCC_DYNAMIC_NO_PIC = NO;
				GCC_NO_COMMON_BLOCKS = YES;
				GCC_OPTIMIZATION_LEVEL = 0;
				GCC_PREPROCESSOR_DEFINITIONS = (
					"DEBUG=1",
					"$(inherited)",
				);
				GCC_WARN_64_TO_32_BIT_CONVERSION = YES;
				GCC_WARN_ABOUT_RETURN_TYPE = YES_ERROR;
				GCC_WARN_UNDECLARED_SELECTOR = YES;
				GCC_WARN_UNINITIALIZED_AUTOS = YES_AGGRESSIVE;
				GCC_WARN_UNUSED_FUNCTION = YES;
				GCC_WARN_UNUSED_VARIABLE = YES;
				LOCALIZATION_PREFERS_STRING_CATALOGS = YES;
				MACOSX_DEPLOYMENT_TARGET = 13.0;
				MTL_ENABLE_DEBUG_INFO = INCLUDE_SOURCE;
				MTL_FAST_MATH = YES;
				ONLY_ACTIVE_ARCH = YES;
				SDKROOT = macosx;
				SWIFT_ACTIVE_COMPILATION_CONDITIONS = "DEBUG $(inherited)";
				SWIFT_OPTIMIZATION_LEVEL = "-Onone";
			};
			name = Debug;
		};
		A1000023000000000000001 /* Release */ = {
			isa = XCBuildConfiguration;
			buildSettings = {
				ALWAYS_SEARCH_USER_PATHS = NO;
				ASSETCATALOG_COMPILER_GENERATE_SWIFT_ASSET_SYMBOL_EXTENSIONS = YES;
				CLANG_ANALYZER_NONNULL = YES;
				CLANG_ANALYZER_NUMBER_OBJECT_CONVERSION = YES_AGGRESSIVE;
				CLANG_CXX_LANGUAGE_STANDARD = "gnu++20";
				CLANG_ENABLE_MODULES = YES;
				CLANG_ENABLE_OBJC_ARC = YES;
				CLANG_ENABLE_OBJC_WEAK = YES;
				CLANG_WARN_BLOCK_CAPTURE_AUTORELEASING = YES;
				CLANG_WARN_BOOL_CONVERSION = YES;
				CLANG_WARN_COMMA = YES;
				CLANG_WARN_CONSTANT_CONVERSION = YES;
				CLANG_WARN_DEPRECATED_OBJC_IMPLEMENTATIONS = YES;
				CLANG_WARN_DIRECT_OBJC_ISA_USAGE = YES_ERROR;
				CLANG_WARN_DOCUMENTATION_COMMENTS = YES;
				CLANG_WARN_EMPTY_BODY = YES;
				CLANG_WARN_ENUM_CONVERSION = YES;
				CLANG_WARN_INFINITE_RECURSION = YES;
				CLANG_WARN_INT_CONVERSION = YES;
				CLANG_WARN_NON_LITERAL_NULL_CONVERSION = YES;
				CLANG_WARN_OBJC_IMPLICIT_RETAIN_SELF = YES;
				CLANG_WARN_OBJC_LITERAL_CONVERSION = YES;
				CLANG_WARN_OBJC_ROOT_CLASS = YES_ERROR;
				CLANG_WARN_QUOTED_INCLUDE_IN_FRAMEWORK_HEADER = YES;
				CLANG_WARN_RANGE_LOOP_ANALYSIS = YES;
				CLANG_WARN_STRICT_PROTOTYPES = YES;
				CLANG_WARN_SUSPICIOUS_MOVE = YES;
				CLANG_WARN_UNGUARDED_AVAILABILITY = YES_AGGRESSIVE;
				CLANG_WARN_UNREACHABLE_CODE = YES;
				CLANG_WARN__DUPLICATE_METHOD_MATCH = YES;
				COPY_PHASE_STRIP = NO;
				DEBUG_INFORMATION_FORMAT = "dwarf-with-dsym";
				ENABLE_NS_ASSERTIONS = NO;
				ENABLE_STRICT_OBJC_MSGSEND = YES;
				ENABLE_USER_SCRIPT_SANDBOXING = YES;
				GCC_C_LANGUAGE_STANDARD = gnu17;
				GCC_NO_COMMON_BLOCKS = YES;
				GCC_WARN_64_TO_32_BIT_CONVERSION = YES;
				GCC_WARN_ABOUT_RETURN_TYPE = YES_ERROR;
				GCC_WARN_UNDECLARED_SELECTOR = YES;
				GCC_WARN_UNINITIALIZED_AUTOS = YES_AGGRESSIVE;
				GCC_WARN_UNUSED_FUNCTION = YES;
				GCC_WARN_UNUSED_VARIABLE = YES;
				LOCALIZATION_PREFERS_STRING_CATALOGS = YES;
				MACOSX_DEPLOYMENT_TARGET = 13.0;
				MTL_ENABLE_DEBUG_INFO = NO;
				MTL_FAST_MATH = YES;
				SDKROOT = macosx;
				SWIFT_COMPILATION_MODE = wholemodule;
			};
			name = Release;
		};
		A1000024000000000000001 /* Debug */ = {
			isa = XCBuildConfiguration;
			buildSettings = {
				ASSETCATALOG_COMPILER_APPICON_NAME = AppIcon;
				ASSETCATALOG_COMPILER_GLOBAL_ACCENT_COLOR_NAME = AccentColor;
				CODE_SIGN_ENTITLEMENTS = TimeControl/TimeControl.entitlements;
				"CODE_SIGN_IDENTITY[sdk=macosx*]" = "-";
				CODE_SIGN_STYLE = Automatic;
				COMBINE_HIDPI_IMAGES = YES;
				CURRENT_PROJECT_VERSION = 1;
				DEVELOPMENT_ASSET_PATHS = "\"TimeControl/Preview Content\"";
				ENABLE_PREVIEWS = YES;
				GENERATE_INFOPLIST_FILE = YES;
				INFOPLIST_KEY_NSHumanReadableCopyright = "";
				LD_RUNPATH_SEARCH_PATHS = (
					"$(inherited)",
					"@executable_path/../Frameworks",
				);
				MARKETING_VERSION = 1.0;
				PRODUCT_BUNDLE_IDENTIFIER = com.example.TimeControl;
				PRODUCT_NAME = "$(TARGET_NAME)";
				SWIFT_EMIT_LOC_STRINGS = YES;
				SWIFT_VERSION = 5.0;
			};
			name = Debug;
		};
		A1000025000000000000001 /* Release */ = {
			isa = XCBuildConfiguration;
			buildSettings = {
				ASSETCATALOG_COMPILER_APPICON_NAME = AppIcon;
				ASSETCATALOG_COMPILER_GLOBAL_ACCENT_COLOR_NAME = AccentColor;
				CODE_SIGN_ENTITLEMENTS = TimeControl/TimeControl.entitlements;
				"CODE_SIGN_IDENTITY[sdk=macosx*]" = "-";
				CODE_SIGN_STYLE = Automatic;
				COMBINE_HIDPI_IMAGES = YES;
				CURRENT_PROJECT_VERSION = 1;
				DEVELOPMENT_ASSET_PATHS = "\"TimeControl/Preview Content\"";
				ENABLE_PREVIEWS = YES;
				GENERATE_INFOPLIST_FILE = YES;
				INFOPLIST_KEY_NSHumanReadableCopyright = "";
				LD_RUNPATH_SEARCH_PATHS = (
					"$(inherited)",
					"@executable_path/../Frameworks",
				);
				MARKETING_VERSION = 1.0;
				PRODUCT_BUNDLE_IDENTIFIER = com.example.TimeControl;
				PRODUCT_NAME = "$(TARGET_NAME)";
				SWIFT_EMIT_LOC_STRINGS = YES;
				SWIFT_VERSION = 5.0;
			};
			name = Release;
		};
/* End XCBuildConfiguration section */

/* Begin XCConfigurationList section */
		A1000000000000000000109 /* Build configuration list for PBXNativeTarget "TimeControlTests" */ = {
			isa = XCConfigurationList;
			buildConfigurations = (
				A1000000000000000000110 /* Debug */,
				A1000000000000000000111 /* Release */,
			);
			defaultConfigurationIsVisible = 0;
			defaultConfigurationName = Release;
		};
		A1000017000000000000001 /* Build configuration list for PBXNativeTarget "TimeControl" */ = {
			isa = XCConfigurationList;
			buildConfigurations = (
				A1000024000000000000001 /* Debug */,
				A1000025000000000000001 /* Release */,
			);
			defaultConfigurationIsVisible = 0;
			defaultConfigurationName = Release;
		};
		A1000021000000000000001 /* Build configuration list for PBXProject "TimeControl" */ = {
			isa = XCConfigurationList;
			buildConfigurations = (
				A1000022000000000000001 /* Debug */,
				A1000023000000000000001 /* Release */,
			);
			defaultConfigurationIsVisible = 0;
			defaultConfigurationName = Release;
		};
/* End XCConfigurationList section */
	};
	rootObject = A1000020000000000000001 /* Project object */;
}
